
Microsoft Visual Studio Solution File, Format Version 12.00
# Visual Studio Version 17
VisualStudioVersion = 17.7.34202.233
MinimumVisualStudioVersion = 10.0.40219.1
Project("{FAE04EC0-301F-11D3-BF4B-00C04F79EFBC}") = "Transcoding", "Transcoding\Transcoding.csproj", "{65E40AB3-161C-48C4-81E3-089FBF39B698}"
EndProject
Global
	GlobalSection(SolutionConfigurationPlatforms) = preSolution
		Debug|Any CPU = Debug|Any CPU
		Release|Any CPU = Release|Any CPU
	EndGlobalSection
	GlobalSection(ProjectConfigurationPlatforms) = postSolution
		{65E40AB3-161C-48C4-81E3-089FBF39B698}.Debug|Any CPU.ActiveCfg = Debug|Any CPU
		{65E40AB3-161C-48C4-81E3-089FBF39B698}.Debug|Any CPU.Build.0 = Debug|Any CPU
		{65E40AB3-161C-48C4-81E3-089FBF39B698}.Release|Any CPU.ActiveCfg = Release|Any CPU
		{65E40AB3-161C-48C4-81E3-089FBF39B698}.Release|Any CPU.Build.0 = Release|Any CPU
	EndGlobalSection
	GlobalSection(SolutionProperties) = preSolution
		HideSolutionNode = FALSE
	EndGlobalSection
	GlobalSection(ExtensibilityGlobals) = postSolution
		SolutionGuid = {B8D04DA9-C5F8-4C3C-B294-54149FA0212C}
	EndGlobalSection
EndGlobal
